PODS:
  - PlaceholderImages (1.0.0)

DEPENDENCIES:
  - PlaceholderImages (from `../../`)

EXTERNAL SOURCES:
  PlaceholderImages:
    :path: "../../"

SPEC CHECKSUMS:
  PlaceholderImages: 623c7bd099bf3cadab4dc5dfbc78e19a6315ffbb

PODFILE CHECKSUM: d10beb3600d4c177fbaa400d00589263caff43ac

COCOAPODS: 1.5.0
